
Microsoft Visual Studio Solution File, Format Version 12.00
# Visual Studio Version 17
VisualStudioVersion = 17.10.35027.167
MinimumVisualStudioVersion = 10.0.40219.1
Project("{FAE04EC0-301F-11D3-BF4B-00C04F79EFBC}") = "ApartmanOtomasyonDeneme", "ApartmanOtomasyonDeneme\ApartmanOtomasyonDeneme.csproj", "{1B37EC5D-F1F2-49A5-A2AA-3306C41A885A}"
EndProject
Global
	GlobalSection(SolutionConfigurationPlatforms) = preSolution
		Debug|Any CPU = Debug|Any CPU
		Release|Any CPU = Release|Any CPU
	EndGlobalSection
	GlobalSection(ProjectConfigurationPlatforms) = postSolution
		{1B37EC5D-F1F2-49A5-A2AA-3306C41A885A}.Debug|Any CPU.ActiveCfg = Debug|Any CPU
		{1B37EC5D-F1F2-49A5-A2AA-3306C41A885A}.Debug|Any CPU.Build.0 = Debug|Any CPU
		{1B37EC5D-F1F2-49A5-A2AA-3306C41A885A}.Release|Any CPU.ActiveCfg = Release|Any CPU
		{1B37EC5D-F1F2-49A5-A2AA-3306C41A885A}.Release|Any CPU.Build.0 = Release|Any CPU
	EndGlobalSection
	GlobalSection(SolutionProperties) = preSolution
		HideSolutionNode = FALSE
	EndGlobalSection
	GlobalSection(ExtensibilityGlobals) = postSolution
		SolutionGuid = {6EF7D404-4045-406D-B5AD-644CF767F9C1}
	EndGlobalSection
EndGlobal
